{
  "name": "@5qtrs/fusebit-ops-cli",
  "version": "1.27.12",
  "lockfileVersion": 1,
  "requires": true,
  "dependencies": {
    "@types/jszip": {
      "version": "3.4.1",
      "dev": true,
      "requires": {
        "jszip": "*"
      },
      "dependencies": {
        "jszip": {
          "version": "3.6.0",
          "resolved": "https://registry.npmjs.org/jszip/-/jszip-3.6.0.tgz",
          "integrity": "sha512-jgnQoG9LKnWO3mnVNBnfhkh0QknICd1FGSrXcgrl67zioyJ4wgx25o9ZqwNtrROSflGBCGYnJfjrIyRIby1OoQ==",
          "dev": true,
          "requires": {
            "lie": "~3.3.0",
            "pako": "~1.0.2",
            "readable-stream": "~2.3.6",
            "set-immediate-shim": "~1.0.1"
          }
        }
      }
    },
    "async": {
      "version": "2.6.3",
      "resolved": "https://registry.npmjs.org/async/-/async-2.6.3.tgz",
      "integrity": "sha512-zflvls11DCy+dQWzTW2dzuilv8Z5X/pjfmZOWba6TNIVDm+2UDaJmXSOXlasHKfNBs8oo3M0aT50fDEWfKZjXg==",
      "requires": {
        "lodash": "^4.17.14"
      }
    },
    "axios": {
      "version": "0.19.2",
      "resolved": "https://registry.npmjs.org/axios/-/axios-0.19.2.tgz",
      "integrity": "sha512-fjgm5MvRHLhx+osE2xoekY70AhARk3a6hkN+3Io1jc00jtquGvxYlKlsFUhmUET0V5te6CcZI7lcv2Ym61mjHA==",
      "requires": {
        "follow-redirects": "1.5.10"
      }
    },
    "balanced-match": {
      "version": "1.0.2",
      "resolved": "https://registry.npmjs.org/balanced-match/-/balanced-match-1.0.2.tgz",
      "integrity": "sha512-3oSeUO0TMV67hN1AmbXsK4yaqU7tjiHlbxRDZOpH0KW9+CeX4bRAaX0Anxt0tx2MrpRpWwQaPwIlISEJhYU5Pw=="
    },
    "base64-js": {
      "version": "1.5.1",
      "resolved": "https://registry.npmjs.org/base64-js/-/base64-js-1.5.1.tgz",
      "integrity": "sha512-AKpaYlHn8t4SVbOHCy+b5+KKgvR4vrsD8vbvrbiQJps7fKDTkjkDry6ji0rUJjC0kzbNePLwzxq8iypo41qeWA=="
    },
    "brace-expansion": {
      "version": "1.1.11",
      "resolved": "https://registry.npmjs.org/brace-expansion/-/brace-expansion-1.1.11.tgz",
      "integrity": "sha512-iCuPHDFgrHX7H2vEI/5xpz07zSHB00TpugqhmYtVmMO6518mCuRMoOYFldEBl0g187ufozdaHgWKcYFb61qGiA==",
      "requires": {
        "balanced-match": "^1.0.0",
        "concat-map": "0.0.1"
      }
    },
    "buffer": {
      "version": "4.9.2",
      "resolved": "https://registry.npmjs.org/buffer/-/buffer-4.9.2.tgz",
      "integrity": "sha512-xq+q3SRMOxGivLhBNaUdC64hDTQwejJ+H0T/NB1XMtTVEwNTrfFF3gAxiyW0Bu/xWEGhjVKgUcMhCrUy2+uCWg==",
      "requires": {
        "base64-js": "^1.0.2",
        "ieee754": "^1.1.4",
        "isarray": "^1.0.0"
      }
    },
    "buffer-equal-constant-time": {
      "version": "1.0.1",
      "resolved": "https://registry.npmjs.org/buffer-equal-constant-time/-/buffer-equal-constant-time-1.0.1.tgz",
      "integrity": "sha1-+OcRMvf/5uAaXJaXpMbz5I1cyBk="
    },
    "concat-map": {
      "version": "0.0.1",
      "resolved": "https://registry.npmjs.org/concat-map/-/concat-map-0.0.1.tgz",
      "integrity": "sha1-2Klr13/Wjfd5OnMDajug1UBdR3s="
    },
    "core-util-is": {
      "version": "1.0.2",
      "resolved": "https://registry.npmjs.org/core-util-is/-/core-util-is-1.0.2.tgz",
      "integrity": "sha1-tf1UIgqivFq1eqtxQMlAdUUDwac="
    },
    "debug": {
      "version": "3.1.0",
      "resolved": "https://registry.npmjs.org/debug/-/debug-3.1.0.tgz",
      "integrity": "sha512-OX8XqP7/1a9cqkxYw2yXss15f26NKWBpDXQd0/uK/KPqdQhxbPa994hnzjcE2VqQpDslf55723cKPUOGSmMY3g==",
      "requires": {
        "ms": "2.0.0"
      }
    },
    "depd": {
      "version": "1.1.2",
      "resolved": "https://registry.npmjs.org/depd/-/depd-1.1.2.tgz",
      "integrity": "sha1-m81S4UwJd2PnSbJ0xDRu0uVgtak="
    },
    "ecdsa-sig-formatter": {
      "version": "1.0.11",
      "resolved": "https://registry.npmjs.org/ecdsa-sig-formatter/-/ecdsa-sig-formatter-1.0.11.tgz",
      "integrity": "sha512-nagl3RYrbNv6kQkeJIpt6NJZy8twLB/2vtz6yN9Z4vRKHN4/QZJIEbqohALSgwKdnksuY3k5Addp5lg8sVoVcQ==",
      "requires": {
        "safe-buffer": "^5.0.1"
      }
    },
    "events": {
      "version": "1.1.1",
      "resolved": "https://registry.npmjs.org/events/-/events-1.1.1.tgz",
      "integrity": "sha1-nr23Y1rQmccNzEwqH1AEKI6L2SQ="
    },
    "follow-redirects": {
      "version": "1.5.10",
      "resolved": "https://registry.npmjs.org/follow-redirects/-/follow-redirects-1.5.10.tgz",
      "integrity": "sha512-0V5l4Cizzvqt5D44aTXbFZz+FtyXV1vrDN6qrelxtfYQKW0KO0W2T/hkE8xvGa/540LkZlkaUjO4ailYTFtHVQ==",
      "requires": {
        "debug": "=3.1.0"
      }
    },
    "fs.realpath": {
      "version": "1.0.0",
      "resolved": "https://registry.npmjs.org/fs.realpath/-/fs.realpath-1.0.0.tgz",
      "integrity": "sha1-FQStJSMVjKpA20onh8sBQRmU6k8="
    },
    "fusebit-ops-cli": {
      "version": "file:package",
      "requires": {
        "@5qtrs/account-data": "*",
        "@5qtrs/account-data-aws": "*",
        "@5qtrs/array": "*",
        "@5qtrs/aws-alb": "*",
        "@5qtrs/aws-ami": "*",
        "@5qtrs/aws-autoscale": "*",
        "@5qtrs/aws-base": "*",
        "@5qtrs/aws-cert": "*",
        "@5qtrs/aws-config": "*",
        "@5qtrs/aws-cred": "*",
        "@5qtrs/aws-dynamo": "*",
        "@5qtrs/aws-ec2": "*",
        "@5qtrs/aws-ecr": "*",
        "@5qtrs/aws-network": "*",
        "@5qtrs/aws-region": "*",
        "@5qtrs/aws-route53": "*",
        "@5qtrs/base64": "*",
        "@5qtrs/child-process": "*",
        "@5qtrs/cli": "*",
        "@5qtrs/clone": "*",
        "@5qtrs/config": "*",
        "@5qtrs/constants": "*",
        "@5qtrs/data": "*",
        "@5qtrs/db": "*",
        "@5qtrs/dot-config": "*",
        "@5qtrs/exception": "*",
        "@5qtrs/file": "*",
        "@5qtrs/function-tags": "*",
        "@5qtrs/fusebit-ops-profile-sdk": "*",
        "@5qtrs/gzip": "*",
        "@5qtrs/json-stable": "*",
        "@5qtrs/jwt": "*",
        "@5qtrs/ops-data": "*",
        "@5qtrs/ops-data-aws": "*",
        "@5qtrs/ops-lambda-set": "*",
        "@5qtrs/promise": "*",
        "@5qtrs/random": "*",
        "@5qtrs/registry": "*",
        "@5qtrs/request": "*",
        "@5qtrs/storage-data": "*",
        "@5qtrs/storage-data-aws": "*",
        "@5qtrs/table": "*",
        "@5qtrs/text": "*",
        "@5qtrs/type": "*",
        "@fusebit/schema": "*",
        "async": "^2.6.2",
        "aws-sdk": "^2.895.0",
        "axios": "^0.19.0",
        "http-errors": "^1.8.0",
        "jsonwebtoken": "^8.5.0",
        "jszip": "^3.4.0",
        "mustache": "^4.0.1",
        "rimraf": "^3.0.2",
        "semver": "^7.3.2",
        "uuid": "^3.3.2"
      },
      "dependencies": {
        "@5qtrs/account-data": {
          "version": "0.0.1",
          "requires": {
            "@5qtrs/config": "^0.0.1",
            "@5qtrs/data": "^0.0.1",
            "@5qtrs/exception": "^0.0.1"
          }
        },
        "@5qtrs/account-data-aws": {
          "version": "0.0.1",
          "requires": {
            "@5qtrs/account-data": "^0.0.1",
            "@5qtrs/array": "^0.0.1",
            "@5qtrs/aws-config": "^0.0.1",
            "@5qtrs/aws-dynamo": "^0.0.1",
            "@5qtrs/base64": "^0.0.1",
            "@5qtrs/config": "^0.0.1",
            "@5qtrs/data": "^0.0.1",
            "@5qtrs/exception": "^0.0.1",
            "@5qtrs/jwt": "^0.0.1",
            "@5qtrs/random": "^0.0.1"
          }
        },
        "@5qtrs/array": {
          "version": "0.0.1"
        },
        "@5qtrs/aws-alb": {
          "version": "0.0.1",
          "requires": {
            "@5qtrs/aws-base": "^0.0.1",
            "@5qtrs/aws-network": "^0.0.1",
            "@5qtrs/exception": "^0.0.1",
            "aws-sdk": "^2.895.0"
          }
        },
        "@5qtrs/aws-ami": {
          "version": "0.0.1",
          "requires": {
            "@5qtrs/aws-base": "^0.0.1",
            "@5qtrs/exception": "^0.0.1"
          }
        },
        "@5qtrs/aws-autoscale": {
          "version": "0.0.1",
          "requires": {
            "@5qtrs/aws-base": "^0.0.1",
            "aws-sdk": "^2.895.0"
          }
        },
        "@5qtrs/aws-base": {
          "version": "0.0.1",
          "requires": {
            "@5qtrs/aws-config": "^0.0.1"
          }
        },
        "@5qtrs/aws-cert": {
          "version": "0.0.1",
          "requires": {
            "@5qtrs/array": "^0.0.1",
            "@5qtrs/aws-base": "^0.0.1",
            "@5qtrs/aws-route53": "^0.0.1",
            "aws-sdk": "^2.895.0"
          }
        },
        "@5qtrs/aws-config": {
          "version": "0.0.1",
          "requires": {
            "@5qtrs/aws-cred": "^0.0.1"
          }
        },
        "@5qtrs/aws-cred": {
          "version": "0.0.1",
          "requires": {
            "@5qtrs/base64": "^0.0.1",
            "@5qtrs/clone": "^0.0.1",
            "@5qtrs/promise": "^0.0.1",
            "aws-sdk": "^2.895.0"
          }
        },
        "@5qtrs/aws-dynamo": {
          "version": "0.0.1",
          "requires": {
            "@5qtrs/aws-base": "^0.0.1",
            "@5qtrs/base64": "^0.0.1",
            "@5qtrs/data": "^0.0.1",
            "@5qtrs/exception": "^0.0.1",
            "@5qtrs/promise": "^0.0.1",
            "aws-sdk": "^2.895.0"
          }
        },
        "@5qtrs/aws-ec2": {
          "version": "0.0.1",
          "requires": {
            "@5qtrs/aws-base": "^0.0.1",
            "@5qtrs/base64": "^0.0.1",
            "aws-sdk": "^2.895.0"
          }
        },
        "@5qtrs/aws-ecr": {
          "version": "0.0.1",
          "requires": {
            "@5qtrs/aws-base": "^0.0.1",
            "@5qtrs/base64": "^0.0.1",
            "@5qtrs/child-process": "^0.0.1",
            "aws-sdk": "^2.895.0"
          }
        },
        "@5qtrs/aws-network": {
          "version": "0.0.1",
          "requires": {
            "@5qtrs/aws-base": "^0.0.1",
            "aws-sdk": "^2.895.0"
          }
        },
        "@5qtrs/aws-region": {
          "version": "0.0.1"
        },
        "@5qtrs/aws-route53": {
          "version": "0.0.1",
          "requires": {
            "@5qtrs/array": "^0.0.1",
            "@5qtrs/aws-base": "^0.0.1",
            "@5qtrs/type": "^0.0.1",
            "aws-sdk": "^2.895.0"
          }
        },
        "@5qtrs/base64": {
          "version": "0.0.1"
        },
        "@5qtrs/child-process": {
          "version": "0.0.1"
        },
        "@5qtrs/cli": {
          "version": "0.0.1",
          "requires": {
            "@5qtrs/array": "^0.0.1",
            "@5qtrs/clone": "^0.0.1",
            "@5qtrs/table": "^0.0.1",
            "@5qtrs/text": "^0.0.1"
          }
        },
        "@5qtrs/clone": {
          "version": "0.0.1",
          "requires": {
            "@5qtrs/type": "^0.0.1"
          }
        },
        "@5qtrs/config": {
          "version": "0.0.1",
          "requires": {
            "@5qtrs/clone": "^0.0.1"
          }
        },
        "@5qtrs/constants": {
          "version": "0.0.1"
        },
        "@5qtrs/data": {
          "version": "0.0.1"
        },
        "@5qtrs/db": {
          "version": "0.0.1",
          "requires": {
            "@fusebit/schema": "^1.0.0",
            "aws-sdk": "^2.895.0",
            "http-errors": "^1.8.0"
          }
        },
        "@5qtrs/dot-config": {
          "version": "0.0.1",
          "requires": {
            "@5qtrs/file": "^0.0.1"
          }
        },
        "@5qtrs/exception": {
          "version": "0.0.1"
        },
        "@5qtrs/file": {
          "version": "0.0.1"
        },
        "@5qtrs/function-tags": {
          "version": "0.0.1",
          "requires": {
            "@5qtrs/constants": "^0.0.1",
            "http-errors": "^1.8.0",
            "mustache": "^4.0.1"
          }
        },
        "@5qtrs/fusebit-ops-profile-sdk": {
          "version": "0.0.1",
          "requires": {
            "@5qtrs/dot-config": "^0.0.1",
            "@5qtrs/exception": "^0.0.1"
          }
        },
        "@5qtrs/gzip": {
          "version": "0.0.1"
        },
        "@5qtrs/json-stable": {
          "version": "0.0.1"
        },
        "@5qtrs/jwt": {
          "version": "0.0.1",
          "requires": {
            "@5qtrs/request": "^0.0.1",
            "jsonwebtoken": "^8.5.0"
          }
        },
        "@5qtrs/ops-data": {
          "version": "0.0.1",
          "requires": {
            "@5qtrs/config": "^0.0.1",
            "@5qtrs/data": "^0.0.1",
            "@5qtrs/exception": "^0.0.1"
          }
        },
        "@5qtrs/ops-data-aws": {
          "version": "0.0.1",
          "requires": {
            "@5qtrs/account-data-aws": "^0.0.1",
            "@5qtrs/aws-alb": "^0.0.1",
            "@5qtrs/aws-ami": "^0.0.1",
            "@5qtrs/aws-autoscale": "^0.0.1",
            "@5qtrs/aws-cert": "^0.0.1",
            "@5qtrs/aws-config": "^0.0.1",
            "@5qtrs/aws-dynamo": "^0.0.1",
            "@5qtrs/aws-ec2": "^0.0.1",
            "@5qtrs/aws-ecr": "^0.0.1",
            "@5qtrs/aws-network": "^0.0.1",
            "@5qtrs/aws-region": "^0.0.1",
            "@5qtrs/aws-route53": "^0.0.1",
            "@5qtrs/base64": "^0.0.1",
            "@5qtrs/constants": "^0.0.1",
            "@5qtrs/jwt": "^0.0.1",
            "@5qtrs/ops-data": "^0.0.1",
            "@5qtrs/ops-lambda-set": "^0.0.1",
            "@5qtrs/random": "^0.0.1",
            "@5qtrs/storage-data-aws": "^0.0.1",
            "async": "^2.6.2",
            "aws-sdk": "^2.895.0"
          }
        },
        "@5qtrs/ops-lambda-set": {
          "version": "0.0.1"
        },
        "@5qtrs/promise": {
          "version": "0.0.1"
        },
        "@5qtrs/random": {
          "version": "0.0.1",
          "requires": {
            "uuid": "^3.3.2"
          }
        },
        "@5qtrs/registry": {
          "version": "0.0.1",
          "requires": {
            "@5qtrs/constants": "^0.0.1",
            "semver": "^7.3.2"
          }
        },
        "@5qtrs/request": {
          "version": "0.0.1",
          "requires": {
            "axios": "^0.19.0"
          }
        },
        "@5qtrs/storage-data": {
          "version": "0.0.1",
          "requires": {
            "@5qtrs/config": "^0.0.1",
            "@5qtrs/data": "^0.0.1",
            "@5qtrs/exception": "^0.0.1"
          }
        },
        "@5qtrs/storage-data-aws": {
          "version": "0.0.1",
          "requires": {
            "@5qtrs/aws-config": "^0.0.1",
            "@5qtrs/aws-dynamo": "^0.0.1",
            "@5qtrs/config": "^0.0.1",
            "@5qtrs/gzip": "^0.0.1",
            "@5qtrs/json-stable": "^0.0.1",
            "@5qtrs/storage-data": "^0.0.1"
          }
        },
        "@5qtrs/table": {
          "version": "0.0.1",
          "requires": {
            "@5qtrs/text": "^0.0.1"
          }
        },
        "@5qtrs/text": {
          "version": "0.0.1",
          "requires": {
            "@5qtrs/type": "^0.0.1"
          }
        },
        "@5qtrs/type": {
          "version": "0.0.1"
        },
        "@fusebit/schema": {
          "version": "1.0.0"
        },
        "aws-sdk": {
          "version": "2.942.0",
          "resolved": "https://registry.npmjs.org/aws-sdk/-/aws-sdk-2.942.0.tgz",
          "integrity": "sha512-9Y+DWSTvolTJe0nl55sKnsPgtfBCV8WKDE8cAUhgn9MIb4tAGpwejS14AUmqeZ12J58AsgPT3PffdI7Hq9IEtQ==",
          "requires": {
            "buffer": "4.9.2",
            "events": "1.1.1",
            "ieee754": "1.1.13",
            "jmespath": "0.15.0",
            "querystring": "0.2.0",
            "sax": "1.2.1",
            "url": "0.10.3",
            "uuid": "3.3.2",
            "xml2js": "0.4.19"
          },
          "dependencies": {
            "uuid": {
              "version": "3.3.2",
              "resolved": "https://registry.npmjs.org/uuid/-/uuid-3.3.2.tgz",
              "integrity": "sha512-yXJmeNaw3DnnKAOKJE51sL/ZaYfWJRl1pK9dr19YFCu0ObS231AB1/LbqTKRAQ5kw8A90rA6fr4riOUpTZvQZA=="
            }
          }
        },
        "jszip": {
          "version": "3.6.0",
          "resolved": "https://registry.npmjs.org/jszip/-/jszip-3.6.0.tgz",
          "integrity": "sha512-jgnQoG9LKnWO3mnVNBnfhkh0QknICd1FGSrXcgrl67zioyJ4wgx25o9ZqwNtrROSflGBCGYnJfjrIyRIby1OoQ==",
          "requires": {
            "lie": "~3.3.0",
            "pako": "~1.0.2",
            "readable-stream": "~2.3.6",
            "set-immediate-shim": "~1.0.1"
          }
        },
        "rimraf": {
          "version": "3.0.2",
          "resolved": "https://registry.npmjs.org/rimraf/-/rimraf-3.0.2.tgz",
          "integrity": "sha512-JZkJMZkAGFFPP2YqXZXPbMlMBgsxzE8ILs4lMIX/2o0L9UBw9O/Y3o6wFw/i9YLapcUJWwqbi3kdxIPdC62TIA==",
          "requires": {
            "glob": "^7.1.3"
          }
        }
      }
    },
    "glob": {
      "version": "7.1.7",
      "resolved": "https://registry.npmjs.org/glob/-/glob-7.1.7.tgz",
      "integrity": "sha512-OvD9ENzPLbegENnYP5UUfJIirTg4+XwMWGaQfQTY0JenxNvvIKP3U3/tAQSPIu/lHxXYSZmpXlUHeqAIdKzBLQ==",
      "requires": {
        "fs.realpath": "^1.0.0",
        "inflight": "^1.0.4",
        "inherits": "2",
        "minimatch": "^3.0.4",
        "once": "^1.3.0",
        "path-is-absolute": "^1.0.0"
      }
    },
    "http-errors": {
      "version": "1.8.0",
      "resolved": "https://registry.npmjs.org/http-errors/-/http-errors-1.8.0.tgz",
      "integrity": "sha512-4I8r0C5JDhT5VkvI47QktDW75rNlGVsUf/8hzjCC/wkWI/jdTRmBb9aI7erSG82r1bjKY3F6k28WnsVxB1C73A==",
      "requires": {
        "depd": "~1.1.2",
        "inherits": "2.0.4",
        "setprototypeof": "1.2.0",
        "statuses": ">= 1.5.0 < 2",
        "toidentifier": "1.0.0"
      }
    },
    "ieee754": {
      "version": "1.1.13",
      "resolved": "https://registry.npmjs.org/ieee754/-/ieee754-1.1.13.tgz",
      "integrity": "sha512-4vf7I2LYV/HaWerSo3XmlMkp5eZ83i+/CDluXi/IGTs/O1sejBNhTtnxzmRZfvOUqj7lZjqHkeTvpgSFDlWZTg=="
    },
    "immediate": {
      "version": "3.0.6",
      "resolved": "https://registry.npmjs.org/immediate/-/immediate-3.0.6.tgz",
      "integrity": "sha1-nbHb0Pr43m++D13V5Wu2BigN5ps="
    },
    "inflight": {
      "version": "1.0.6",
      "resolved": "https://registry.npmjs.org/inflight/-/inflight-1.0.6.tgz",
      "integrity": "sha1-Sb1jMdfQLQwJvJEKEHW6gWW1bfk=",
      "requires": {
        "once": "^1.3.0",
        "wrappy": "1"
      }
    },
    "inherits": {
      "version": "2.0.4",
      "resolved": "https://registry.npmjs.org/inherits/-/inherits-2.0.4.tgz",
      "integrity": "sha512-k/vGaX4/Yla3WzyMCvTQOXYeIHvqOKtnqBduzTHpzpQZzAskKMhZ2K+EnBiSM9zGSoIFeMpXKxa4dYeZIQqewQ=="
    },
    "isarray": {
      "version": "1.0.0",
      "resolved": "https://registry.npmjs.org/isarray/-/isarray-1.0.0.tgz",
      "integrity": "sha1-u5NdSFgsuhaMBoNJV6VKPgcSTxE="
    },
    "jmespath": {
      "version": "0.15.0",
      "resolved": "https://registry.npmjs.org/jmespath/-/jmespath-0.15.0.tgz",
      "integrity": "sha1-o/Iiqarp+Wb10nx5ZRDigJF2Qhc="
    },
    "jsonwebtoken": {
      "version": "8.5.1",
      "resolved": "https://registry.npmjs.org/jsonwebtoken/-/jsonwebtoken-8.5.1.tgz",
      "integrity": "sha512-XjwVfRS6jTMsqYs0EsuJ4LGxXV14zQybNd4L2r0UvbVnSF9Af8x7p5MzbJ90Ioz/9TI41/hTCvznF/loiSzn8w==",
      "requires": {
        "jws": "^3.2.2",
        "lodash.includes": "^4.3.0",
        "lodash.isboolean": "^3.0.3",
        "lodash.isinteger": "^4.0.4",
        "lodash.isnumber": "^3.0.3",
        "lodash.isplainobject": "^4.0.6",
        "lodash.isstring": "^4.0.1",
        "lodash.once": "^4.0.0",
        "ms": "^2.1.1",
        "semver": "^5.6.0"
      },
      "dependencies": {
        "ms": {
          "version": "2.1.3",
          "resolved": "https://registry.npmjs.org/ms/-/ms-2.1.3.tgz",
          "integrity": "sha512-6FlzubTLZG3J2a/NVCAleEhjzq5oxgHyaCU9yYXvcLsvoVaHJq/s5xXI6/XXP6tz7R9xAOtHnSO/tXtF3WRTlA=="
        },
        "semver": {
          "version": "5.7.1",
          "resolved": "https://registry.npmjs.org/semver/-/semver-5.7.1.tgz",
          "integrity": "sha512-sauaDf/PZdVgrLTNYHRtpXa1iRiKcaebiKQ1BJdpQlWH2lCvexQdX55snPFyK7QzpudqbCI0qXFfOasHdyNDGQ=="
        }
      }
    },
    "jwa": {
      "version": "1.4.1",
      "resolved": "https://registry.npmjs.org/jwa/-/jwa-1.4.1.tgz",
      "integrity": "sha512-qiLX/xhEEFKUAJ6FiBMbes3w9ATzyk5W7Hvzpa/SLYdxNtng+gcurvrI7TbACjIXlsJyr05/S1oUhZrc63evQA==",
      "requires": {
        "buffer-equal-constant-time": "1.0.1",
        "ecdsa-sig-formatter": "1.0.11",
        "safe-buffer": "^5.0.1"
      }
    },
    "jws": {
      "version": "3.2.2",
      "resolved": "https://registry.npmjs.org/jws/-/jws-3.2.2.tgz",
      "integrity": "sha512-YHlZCB6lMTllWDtSPHz/ZXTsi8S00usEV6v1tjq8tOUZzw7DpSDWVXjXDre6ed1w/pd495ODpHZYSdkRTsa0HA==",
      "requires": {
        "jwa": "^1.4.1",
        "safe-buffer": "^5.0.1"
      }
    },
    "lie": {
      "version": "3.3.0",
      "resolved": "https://registry.npmjs.org/lie/-/lie-3.3.0.tgz",
      "integrity": "sha512-UaiMJzeWRlEujzAuw5LokY1L5ecNQYZKfmyZ9L7wDHb/p5etKaxXhohBcrw0EYby+G/NA52vRSN4N39dxHAIwQ==",
      "requires": {
        "immediate": "~3.0.5"
      }
    },
    "lodash": {
      "version": "4.17.21",
      "resolved": "https://registry.npmjs.org/lodash/-/lodash-4.17.21.tgz",
      "integrity": "sha512-v2kDEe57lecTulaDIuNTPy3Ry4gLGJ6Z1O3vE1krgXZNrsQ+LFTGHVxVjcXPs17LhbZVGedAJv8XZ1tvj5FvSg=="
    },
    "lodash.includes": {
      "version": "4.3.0",
      "resolved": "https://registry.npmjs.org/lodash.includes/-/lodash.includes-4.3.0.tgz",
      "integrity": "sha1-YLuYqHy5I8aMoeUTJUgzFISfVT8="
    },
    "lodash.isboolean": {
      "version": "3.0.3",
      "resolved": "https://registry.npmjs.org/lodash.isboolean/-/lodash.isboolean-3.0.3.tgz",
      "integrity": "sha1-bC4XHbKiV82WgC/UOwGyDV9YcPY="
    },
    "lodash.isinteger": {
      "version": "4.0.4",
      "resolved": "https://registry.npmjs.org/lodash.isinteger/-/lodash.isinteger-4.0.4.tgz",
      "integrity": "sha1-YZwK89A/iwTDH1iChAt3sRzWg0M="
    },
    "lodash.isnumber": {
      "version": "3.0.3",
      "resolved": "https://registry.npmjs.org/lodash.isnumber/-/lodash.isnumber-3.0.3.tgz",
      "integrity": "sha1-POdoEMWSjQM1IwGsKHMX8RwLH/w="
    },
    "lodash.isplainobject": {
      "version": "4.0.6",
      "resolved": "https://registry.npmjs.org/lodash.isplainobject/-/lodash.isplainobject-4.0.6.tgz",
      "integrity": "sha1-fFJqUtibRcRcxpC4gWO+BJf1UMs="
    },
    "lodash.isstring": {
      "version": "4.0.1",
      "resolved": "https://registry.npmjs.org/lodash.isstring/-/lodash.isstring-4.0.1.tgz",
      "integrity": "sha1-1SfftUVuynzJu5XV2ur4i6VKVFE="
    },
    "lodash.once": {
      "version": "4.1.1",
      "resolved": "https://registry.npmjs.org/lodash.once/-/lodash.once-4.1.1.tgz",
      "integrity": "sha1-DdOXEhPHxW34gJd9UEyI+0cal6w="
    },
    "lru-cache": {
      "version": "6.0.0",
      "resolved": "https://registry.npmjs.org/lru-cache/-/lru-cache-6.0.0.tgz",
      "integrity": "sha512-Jo6dJ04CmSjuznwJSS3pUeWmd/H0ffTlkXXgwZi+eq1UCmqQwCh+eLsYOYCwY991i2Fah4h1BEMCx4qThGbsiA==",
      "requires": {
        "yallist": "^4.0.0"
      }
    },
    "minimatch": {
      "version": "3.0.4",
      "resolved": "https://registry.npmjs.org/minimatch/-/minimatch-3.0.4.tgz",
      "integrity": "sha512-yJHVQEhyqPLUTgt9B83PXu6W3rx4MvvHvSUvToogpwoGDOUQ+yDrR0HRot+yOCdCO7u4hX3pWft6kWBBcqh0UA==",
      "requires": {
        "brace-expansion": "^1.1.7"
      }
    },
    "ms": {
      "version": "2.0.0",
      "resolved": "https://registry.npmjs.org/ms/-/ms-2.0.0.tgz",
      "integrity": "sha1-VgiurfwAvmwpAd9fmGF4jeDVl8g="
    },
    "mustache": {
      "version": "4.2.0",
      "resolved": "https://registry.npmjs.org/mustache/-/mustache-4.2.0.tgz",
      "integrity": "sha512-71ippSywq5Yb7/tVYyGbkBggbU8H3u5Rz56fH60jGFgr8uHwxs+aSKeqmluIVzM0m0kB7xQjKS6qPfd0b2ZoqQ=="
    },
    "once": {
      "version": "1.4.0",
      "resolved": "https://registry.npmjs.org/once/-/once-1.4.0.tgz",
      "integrity": "sha1-WDsap3WWHUsROsF9nFC6753Xa9E=",
      "requires": {
        "wrappy": "1"
      }
    },
    "pako": {
      "version": "1.0.11",
      "resolved": "https://registry.npmjs.org/pako/-/pako-1.0.11.tgz",
      "integrity": "sha512-4hLB8Py4zZce5s4yd9XzopqwVv/yGNhV1Bl8NTmCq1763HeK2+EwVTv+leGeL13Dnh2wfbqowVPXCIO0z4taYw=="
    },
    "path-is-absolute": {
      "version": "1.0.1",
      "resolved": "https://registry.npmjs.org/path-is-absolute/-/path-is-absolute-1.0.1.tgz",
      "integrity": "sha1-F0uSaHNVNP+8es5r9TpanhtcX18="
    },
    "process-nextick-args": {
      "version": "2.0.1",
      "resolved": "https://registry.npmjs.org/process-nextick-args/-/process-nextick-args-2.0.1.tgz",
      "integrity": "sha512-3ouUOpQhtgrbOa17J7+uxOTpITYWaGP7/AhoR3+A+/1e9skrzelGi/dXzEYyvbxubEF6Wn2ypscTKiKJFFn1ag=="
    },
    "punycode": {
      "version": "1.3.2",
      "resolved": "https://registry.npmjs.org/punycode/-/punycode-1.3.2.tgz",
      "integrity": "sha1-llOgNvt8HuQjQvIyXM7v6jkmxI0="
    },
    "querystring": {
      "version": "0.2.0",
      "resolved": "https://registry.npmjs.org/querystring/-/querystring-0.2.0.tgz",
      "integrity": "sha1-sgmEkgO7Jd+CDadW50cAWHhSFiA="
    },
    "readable-stream": {
      "version": "2.3.7",
      "resolved": "https://registry.npmjs.org/readable-stream/-/readable-stream-2.3.7.tgz",
      "integrity": "sha512-Ebho8K4jIbHAxnuxi7o42OrZgF/ZTNcsZj6nRKyUmkhLFq8CHItp/fy6hQZuZmP/n3yZ9VBUbp4zz/mX8hmYPw==",
      "requires": {
        "core-util-is": "~1.0.0",
        "inherits": "~2.0.3",
        "isarray": "~1.0.0",
        "process-nextick-args": "~2.0.0",
        "safe-buffer": "~5.1.1",
        "string_decoder": "~1.1.1",
        "util-deprecate": "~1.0.1"
      },
      "dependencies": {
        "safe-buffer": {
          "version": "5.1.2",
          "resolved": "https://registry.npmjs.org/safe-buffer/-/safe-buffer-5.1.2.tgz",
          "integrity": "sha512-Gd2UZBJDkXlY7GbJxfsE8/nvKkUEU1G38c1siN6QP6a9PT9MmHB8GnpscSmMJSoF8LOIrt8ud/wPtojys4G6+g=="
        }
      }
    },
    "safe-buffer": {
      "version": "5.2.1",
      "resolved": "https://registry.npmjs.org/safe-buffer/-/safe-buffer-5.2.1.tgz",
      "integrity": "sha512-rp3So07KcdmmKbGvgaNxQSJr7bGVSVk5S9Eq1F+ppbRo70+YeaDxkw5Dd8NPN+GD6bjnYm2VuPuCXmpuYvmCXQ=="
    },
    "sax": {
      "version": "1.2.1",
      "resolved": "https://registry.npmjs.org/sax/-/sax-1.2.1.tgz",
      "integrity": "sha1-e45lYZCyKOgaZq6nSEgNgozS03o="
    },
    "semver": {
      "version": "7.3.5",
      "resolved": "https://registry.npmjs.org/semver/-/semver-7.3.5.tgz",
      "integrity": "sha512-PoeGJYh8HK4BTO/a9Tf6ZG3veo/A7ZVsYrSA6J8ny9nb3B1VrpkuN+z9OE5wfE5p6H4LchYZsegiQgbJD94ZFQ==",
      "requires": {
        "lru-cache": "^6.0.0"
      }
    },
    "set-immediate-shim": {
      "version": "1.0.1",
      "resolved": "https://registry.npmjs.org/set-immediate-shim/-/set-immediate-shim-1.0.1.tgz",
      "integrity": "sha1-SysbJ+uAip+NzEgaWOXlb1mfP2E="
    },
    "setprototypeof": {
      "version": "1.2.0",
      "resolved": "https://registry.npmjs.org/setprototypeof/-/setprototypeof-1.2.0.tgz",
      "integrity": "sha512-E5LDX7Wrp85Kil5bhZv46j8jOeboKq5JMmYM3gVGdGH8xFpPWXUMsNrlODCrkoxMEeNi/XZIwuRvY4XNwYMJpw=="
    },
    "statuses": {
      "version": "1.5.0",
      "resolved": "https://registry.npmjs.org/statuses/-/statuses-1.5.0.tgz",
      "integrity": "sha1-Fhx9rBd2Wf2YEfQ3cfqZOBR4Yow="
    },
    "string_decoder": {
      "version": "1.1.1",
      "resolved": "https://registry.npmjs.org/string_decoder/-/string_decoder-1.1.1.tgz",
      "integrity": "sha512-n/ShnvDi6FHbbVfviro+WojiFzv+s8MPMHBczVePfUpDJLwoLT0ht1l4YwBCbi8pJAveEEdnkHyPyTP/mzRfwg==",
      "requires": {
        "safe-buffer": "~5.1.0"
      },
      "dependencies": {
        "safe-buffer": {
          "version": "5.1.2",
          "resolved": "https://registry.npmjs.org/safe-buffer/-/safe-buffer-5.1.2.tgz",
          "integrity": "sha512-Gd2UZBJDkXlY7GbJxfsE8/nvKkUEU1G38c1siN6QP6a9PT9MmHB8GnpscSmMJSoF8LOIrt8ud/wPtojys4G6+g=="
        }
      }
    },
    "toidentifier": {
      "version": "1.0.0",
      "resolved": "https://registry.npmjs.org/toidentifier/-/toidentifier-1.0.0.tgz",
      "integrity": "sha512-yaOH/Pk/VEhBWWTlhI+qXxDFXlejDGcQipMlyxda9nthulaxLZUNcUqFxokp0vcYnvteJln5FNQDRrxj3YcbVw=="
    },
    "url": {
      "version": "0.10.3",
      "resolved": "https://registry.npmjs.org/url/-/url-0.10.3.tgz",
      "integrity": "sha1-Ah5NnHcF8hu/N9A861h2dAJ3TGQ=",
      "requires": {
        "punycode": "1.3.2",
        "querystring": "0.2.0"
      }
    },
    "util-deprecate": {
      "version": "1.0.2",
      "resolved": "https://registry.npmjs.org/util-deprecate/-/util-deprecate-1.0.2.tgz",
      "integrity": "sha1-RQ1Nyfpw3nMnYvvS1KKJgUGaDM8="
    },
    "uuid": {
      "version": "3.4.0",
      "resolved": "https://registry.npmjs.org/uuid/-/uuid-3.4.0.tgz",
      "integrity": "sha512-HjSDRw6gZE5JMggctHBcjVak08+KEVhSIiDzFnT9S9aegmp85S/bReBVTb4QTFaRNptJ9kuYaNhnbNEOkbKb/A=="
    },
    "wrappy": {
      "version": "1.0.2",
      "resolved": "https://registry.npmjs.org/wrappy/-/wrappy-1.0.2.tgz",
      "integrity": "sha1-tSQ9jz7BqjXxNkYFvA0QNuMKtp8="
    },
    "xml2js": {
      "version": "0.4.19",
      "resolved": "https://registry.npmjs.org/xml2js/-/xml2js-0.4.19.tgz",
      "integrity": "sha512-esZnJZJOiJR9wWKMyuvSE1y6Dq5LCuJanqhxslH2bxM6duahNZ+HMpCLhBQGZkbX6xRf8x1Y2eJlgt2q3qo49Q==",
      "requires": {
        "sax": ">=0.6.0",
        "xmlbuilder": "~9.0.1"
      }
    },
    "xmlbuilder": {
      "version": "9.0.7",
      "resolved": "https://registry.npmjs.org/xmlbuilder/-/xmlbuilder-9.0.7.tgz",
      "integrity": "sha1-Ey7mPS7FVlxVfiD0wi35rKaGsQ0="
    },
    "yallist": {
      "version": "4.0.0",
      "resolved": "https://registry.npmjs.org/yallist/-/yallist-4.0.0.tgz",
      "integrity": "sha512-3wdGidZyq5PB084XLES5TpOSRA3wjXAlIWMhum2kRcv/41Sn2emQ0dycQW4uZXLejwKvg6EsvbdlVL+FYEct7A=="
    }
  }
}
