# THIS IS AN AUTOGENERATED FILE. DO NOT EDIT THIS FILE DIRECTLY.
# yarn lockfile v1


"@babel/runtime@^7.3.1", "@babel/runtime@^7.4.4", "@babel/runtime@^7.5.5", "@babel/runtime@^7.8.3", "@babel/runtime@^7.8.7":
  version "7.14.8"
  resolved "https://registry.yarnpkg.com/@babel/runtime/-/runtime-7.14.8.tgz#7119a56f421018852694290b9f9148097391b446"
  integrity sha512-twj3L8Og5SaCRCErB4x4ajbvBIVV77CGeFglHpeg5WC5FF8TZzBWXtTJ4MqaD9QszLYTtr+IsaAL2rEUevb+eg==
  dependencies:
    regenerator-runtime "^0.13.4"

"@emotion/hash@^0.8.0":
  version "0.8.0"
  resolved "https://registry.yarnpkg.com/@emotion/hash/-/hash-0.8.0.tgz#bbbff68978fefdbe68ccb533bc8cbe1d1afb5413"
  integrity sha512-kBJtf7PH6aWwZ6fka3zQ0p6SBYzx4fl1LoZXE2RrnYST9Xljm7WfKJrU4g/Xr3Beg72MLrp1AWNUmuYJTL7Cow==

"@material-ui/core@^4.12.3":
  version "4.12.3"
  resolved "https://registry.yarnpkg.com/@material-ui/core/-/core-4.12.3.tgz#80d665caf0f1f034e52355c5450c0e38b099d3ca"
  integrity sha512-sdpgI/PL56QVsEJldwEe4FFaFTLUqN+rd7sSZiRCdx2E/C7z5yK0y/khAWVBH24tXwto7I1hCzNWfJGZIYJKnw==
  dependencies:
    "@babel/runtime" "^7.4.4"
    "@material-ui/styles" "^4.11.4"
    "@material-ui/system" "^4.12.1"
    "@material-ui/types" "5.1.0"
    "@material-ui/utils" "^4.11.2"
    "@types/react-transition-group" "^4.2.0"
    clsx "^1.0.4"
    hoist-non-react-statics "^3.3.2"
    popper.js "1.16.1-lts"
    prop-types "^15.7.2"
    react-is "^16.8.0 || ^17.0.0"
    react-transition-group "^4.4.0"

"@material-ui/styles@^4.11.4":
  version "4.11.4"
  resolved "https://registry.yarnpkg.com/@material-ui/styles/-/styles-4.11.4.tgz#eb9dfccfcc2d208243d986457dff025497afa00d"
  integrity sha512-KNTIZcnj/zprG5LW0Sao7zw+yG3O35pviHzejMdcSGCdWbiO8qzRgOYL8JAxAsWBKOKYwVZxXtHWaB5T2Kvxew==
  dependencies:
    "@babel/runtime" "^7.4.4"
    "@emotion/hash" "^0.8.0"
    "@material-ui/types" "5.1.0"
    "@material-ui/utils" "^4.11.2"
    clsx "^1.0.4"
    csstype "^2.5.2"
    hoist-non-react-statics "^3.3.2"
    jss "^10.5.1"
    jss-plugin-camel-case "^10.5.1"
    jss-plugin-default-unit "^10.5.1"
    jss-plugin-global "^10.5.1"
    jss-plugin-nested "^10.5.1"
    jss-plugin-props-sort "^10.5.1"
    jss-plugin-rule-value-function "^10.5.1"
    jss-plugin-vendor-prefixer "^10.5.1"
    prop-types "^15.7.2"

"@material-ui/system@^4.12.1":
  version "4.12.1"
  resolved "https://registry.yarnpkg.com/@material-ui/system/-/system-4.12.1.tgz#2dd96c243f8c0a331b2bb6d46efd7771a399707c"
  integrity sha512-lUdzs4q9kEXZGhbN7BptyiS1rLNHe6kG9o8Y307HCvF4sQxbCgpL2qi+gUk+yI8a2DNk48gISEQxoxpgph0xIw==
  dependencies:
    "@babel/runtime" "^7.4.4"
    "@material-ui/utils" "^4.11.2"
    csstype "^2.5.2"
    prop-types "^15.7.2"

"@material-ui/types@5.1.0":
  version "5.1.0"
  resolved "https://registry.yarnpkg.com/@material-ui/types/-/types-5.1.0.tgz#efa1c7a0b0eaa4c7c87ac0390445f0f88b0d88f2"
  integrity sha512-7cqRjrY50b8QzRSYyhSpx4WRw2YuO0KKIGQEVk5J8uoz2BanawykgZGoWEqKm7pVIbzFDN0SpPcVV4IhOFkl8A==

"@material-ui/utils@^4.11.2":
  version "4.11.2"
  resolved "https://registry.yarnpkg.com/@material-ui/utils/-/utils-4.11.2.tgz#f1aefa7e7dff2ebcb97d31de51aecab1bb57540a"
  integrity sha512-Uul8w38u+PICe2Fg2pDKCaIG7kOyhowZ9vjiC1FsVwPABTW8vPPKfF6OvxRq3IiBaI1faOJmgdvMG7rMJARBhA==
  dependencies:
    "@babel/runtime" "^7.4.4"
    prop-types "^15.7.2"
    react-is "^16.8.0 || ^17.0.0"

"@types/history@*":
  version "4.7.9"
  resolved "https://registry.yarnpkg.com/@types/history/-/history-4.7.9.tgz#1cfb6d60ef3822c589f18e70f8b12f9a28ce8724"
  integrity sha512-MUc6zSmU3tEVnkQ78q0peeEjKWPUADMlC/t++2bI8WnAG2tvYRPIgHG8lWkXwqc8MsUF6Z2MOf+Mh5sazOmhiQ==

"@types/node@*":
  version "16.4.13"
  resolved "https://registry.yarnpkg.com/@types/node/-/node-16.4.13.tgz#7dfd9c14661edc65cccd43a29eb454174642370d"
  integrity sha512-bLL69sKtd25w7p1nvg9pigE4gtKVpGTPojBFLMkGHXuUgap2sLqQt2qUnqmVCDfzGUL0DRNZP+1prIZJbMeAXg==

"@types/prop-types@*":
  version "15.7.4"
  resolved "https://registry.yarnpkg.com/@types/prop-types/-/prop-types-15.7.4.tgz#fcf7205c25dff795ee79af1e30da2c9790808f11"
  integrity sha512-rZ5drC/jWjrArrS8BR6SIr4cWpW09RNTYt9AMZo3Jwwif+iacXAqgVjm0B0Bv/S1jhDXKHqRVNCbACkJ89RAnQ==

"@types/react-dom@^16.8.2":
  version "16.9.14"
  resolved "https://registry.yarnpkg.com/@types/react-dom/-/react-dom-16.9.14.tgz#674b8f116645fe5266b40b525777fc6bb8eb3bcd"
  integrity sha512-FIX2AVmPTGP30OUJ+0vadeIFJJ07Mh1m+U0rxfgyW34p3rTlXI+nlenvAxNn4BP36YyI9IJ/+UJ7Wu22N1pI7A==
  dependencies:
    "@types/react" "^16"

"@types/react-helmet@^6.1.0":
  version "6.1.2"
  resolved "https://registry.yarnpkg.com/@types/react-helmet/-/react-helmet-6.1.2.tgz#e9d7d16b29e4ec5716711c52c35c3cec45819eac"
  integrity sha512-dcfAZNlWb5JYFbO9CGfrPWLJAyFcT6UeR3u35eBbv8liY2Rg4K7fM1G5+HnwVgot+C+kVwXAZ8pLEn2jsMfTDg==
  dependencies:
    "@types/react" "*"

"@types/react-router-dom@^4.3.3":
  version "4.3.5"
  resolved "https://registry.yarnpkg.com/@types/react-router-dom/-/react-router-dom-4.3.5.tgz#72f229967690c890d00f96e6b85e9ee5780db31f"
  integrity sha512-eFajSUASYbPHg2BDM1G8Btx+YqGgvROPIg6sBhl3O4kbDdYXdFdfrgQFf/pcBuQVObjfT9AL/dd15jilR5DIEA==
  dependencies:
    "@types/history" "*"
    "@types/react" "*"
    "@types/react-router" "*"

"@types/react-router@*", "@types/react-router@^5.0.0":
  version "5.1.16"
  resolved "https://registry.yarnpkg.com/@types/react-router/-/react-router-5.1.16.tgz#f3ba045fb96634e38b21531c482f9aeb37608a99"
  integrity sha512-8d7nR/fNSqlTFGHti0R3F9WwIertOaaA1UEB8/jr5l5mDMOs4CidEgvvYMw4ivqrBK+vtVLxyTj2P+Pr/dtgzg==
  dependencies:
    "@types/history" "*"
    "@types/react" "*"

"@types/react-transition-group@^4.2.0":
  version "4.4.2"
  resolved "https://registry.yarnpkg.com/@types/react-transition-group/-/react-transition-group-4.4.2.tgz#38890fd9db68bf1f2252b99a942998dc7877c5b3"
  integrity sha512-KibDWL6nshuOJ0fu8ll7QnV/LVTo3PzQ9aCPnRUYPfX7eZohHwLIdNHj7pftanREzHNP4/nJa8oeM73uSiavMQ==
  dependencies:
    "@types/react" "*"

"@types/react@*":
  version "17.0.17"
  resolved "https://registry.yarnpkg.com/@types/react/-/react-17.0.17.tgz#1772d3d5425128e0635a716f49ef57c2955df055"
  integrity sha512-nrfi7I13cAmrd0wje8czYpf5SFbryczCtPzFc6ijqvdjKcyA3tCvGxwchOUlxb2ucBPuJ9Y3oUqKrRqZvrz0lw==
  dependencies:
    "@types/prop-types" "*"
    "@types/scheduler" "*"
    csstype "^3.0.2"

"@types/react@^16":
  version "16.14.13"
  resolved "https://registry.yarnpkg.com/@types/react/-/react-16.14.13.tgz#14f77c75ea581fa632907440dfda23b3c6ab24c9"
  integrity sha512-KznsRYfqPmbcA5pMxc4mYQ7UgsJa2tAgKE2YwEmY5xKaTVZXLAY/ImBohyQHnEoIjxIJR+Um4FmaEYDr3q3zlg==
  dependencies:
    "@types/prop-types" "*"
    "@types/scheduler" "*"
    csstype "^3.0.2"

"@types/redis@^2.8.31":
  version "2.8.31"
  resolved "https://registry.yarnpkg.com/@types/redis/-/redis-2.8.31.tgz#c11c1b269fec132ac2ec9eb891edf72fc549149e"
  integrity sha512-daWrrTDYaa5iSDFbgzZ9gOOzyp2AJmYK59OlG/2KGBgYWF3lfs8GDKm1c//tik5Uc93hDD36O+qLPvzDolChbA==
  dependencies:
    "@types/node" "*"

"@types/scheduler@*":
  version "0.16.2"
  resolved "https://registry.yarnpkg.com/@types/scheduler/-/scheduler-0.16.2.tgz#1a62f89525723dde24ba1b01b092bf5df8ad4d39"
  integrity sha512-hppQEBDmlwhFAXKJX2KnWLYu5yMfi91yazPb2l+lbJiwW+wdo1gNeRA+3RgNSO39WYX2euey41KEwnqesU2Jew==

"@types/styled-components@4.1.8":
  version "4.1.8"
  resolved "https://registry.yarnpkg.com/@types/styled-components/-/styled-components-4.1.8.tgz#15c8a53bb4b9066e528fafb7558963dee5690ae0"
  integrity sha512-NrG0wmB9Rafy5i00GFxUM/uEge148bX2QPr+Q/MI2fXrew6WOp1hN2A3YEG0AeT45z47CMdJ3BEffPsdQCWayA==
  dependencies:
    "@types/node" "*"
    "@types/react" "*"
    csstype "^2.2.0"

clsx@^1.0.4:
  version "1.1.1"
  resolved "https://registry.yarnpkg.com/clsx/-/clsx-1.1.1.tgz#98b3134f9abbdf23b2663491ace13c5c03a73188"
  integrity sha512-6/bPho624p3S2pMyvP5kKBPXnI3ufHLObBFCfgx+LkeR5lg2XYy2hqZqUf45ypD8COn2bhgGJSUE+l5dhNBieA==

css-vendor@^2.0.8:
  version "2.0.8"
  resolved "https://registry.yarnpkg.com/css-vendor/-/css-vendor-2.0.8.tgz#e47f91d3bd3117d49180a3c935e62e3d9f7f449d"
  integrity sha512-x9Aq0XTInxrkuFeHKbYC7zWY8ai7qJ04Kxd9MnvbC1uO5DagxoHQjm4JvG+vCdXOoFtCjbL2XSZfxmoYa9uQVQ==
  dependencies:
    "@babel/runtime" "^7.8.3"
    is-in-browser "^1.0.2"

csstype@^2.2.0, csstype@^2.5.2:
  version "2.6.17"
  resolved "https://registry.yarnpkg.com/csstype/-/csstype-2.6.17.tgz#4cf30eb87e1d1a005d8b6510f95292413f6a1c0e"
  integrity sha512-u1wmTI1jJGzCJzWndZo8mk4wnPTZd1eOIYTYvuEyOQGfmDl3TrabCCfKnOC86FZwW/9djqTl933UF/cS425i9A==

csstype@^3.0.2:
  version "3.0.8"
  resolved "https://registry.yarnpkg.com/csstype/-/csstype-3.0.8.tgz#d2266a792729fb227cd216fb572f43728e1ad340"
  integrity sha512-jXKhWqXPmlUeoQnF/EhTtTl4C9SnrxSH/jZUih3jmO6lBKr99rP3/+FmrMj4EFpOXzMtXHAZkd3x0E6h6Fgflw==

denque@^1.5.0:
  version "1.5.0"
  resolved "https://registry.yarnpkg.com/denque/-/denque-1.5.0.tgz#773de0686ff2d8ec2ff92914316a47b73b1c73de"
  integrity sha512-CYiCSgIF1p6EUByQPlGkKnP1M9g0ZV3qMIrqMqZqdwazygIA/YP2vrbcyl1h/WppKJTdl1F85cXIle+394iDAQ==

dom-helpers@^5.0.1:
  version "5.2.1"
  resolved "https://registry.yarnpkg.com/dom-helpers/-/dom-helpers-5.2.1.tgz#d9400536b2bf8225ad98fe052e029451ac40e902"
  integrity sha512-nRCa7CK3VTrM2NmGkIy4cbK7IZlgBE/PYMn55rrXefr5xXDP0LdtfPnblFDoVdcAfslJ7or6iqAUnx0CCGIWQA==
  dependencies:
    "@babel/runtime" "^7.8.7"
    csstype "^3.0.2"

hoist-non-react-statics@^3.3.2:
  version "3.3.2"
  resolved "https://registry.yarnpkg.com/hoist-non-react-statics/-/hoist-non-react-statics-3.3.2.tgz#ece0acaf71d62c2969c2ec59feff42a4b1a85b45"
  integrity sha512-/gGivxi8JPKWNm/W0jSmzcMPpfpPLc3dY/6GxhX2hQ9iGj3aDfklV4ET7NjKpSinLpJ5vafa9iiGIEZg10SfBw==
  dependencies:
    react-is "^16.7.0"

hyphenate-style-name@^1.0.3:
  version "1.0.4"
  resolved "https://registry.yarnpkg.com/hyphenate-style-name/-/hyphenate-style-name-1.0.4.tgz#691879af8e220aea5750e8827db4ef62a54e361d"
  integrity sha512-ygGZLjmXfPHj+ZWh6LwbC37l43MhfztxetbFCoYTM2VjkIUpeHgSNn7QIyVFj7YQ1Wl9Cbw5sholVJPzWvC2MQ==

is-in-browser@^1.0.2, is-in-browser@^1.1.3:
  version "1.1.3"
  resolved "https://registry.yarnpkg.com/is-in-browser/-/is-in-browser-1.1.3.tgz#56ff4db683a078c6082eb95dad7dc62e1d04f835"
  integrity sha1-Vv9NtoOgeMYILrldrX3GLh0E+DU=

"js-tokens@^3.0.0 || ^4.0.0":
  version "4.0.0"
  resolved "https://registry.yarnpkg.com/js-tokens/-/js-tokens-4.0.0.tgz#19203fb59991df98e3a287050d4647cdeaf32499"
  integrity sha512-RdJUflcE3cUzKiMqQgsCu06FPu9UdIJO0beYbPhHN4k6apgJtifcoCtT9bcxOpYBtpD2kCM6Sbzg4CausW/PKQ==

jss-plugin-camel-case@^10.5.1:
  version "10.7.1"
  resolved "https://registry.yarnpkg.com/jss-plugin-camel-case/-/jss-plugin-camel-case-10.7.1.tgz#e7f7097cf97e9deec599cef3275e213452318b93"
  integrity sha512-+ioIyWvmAfgDCWXsQcW1NMnLBvRinOVFkSYJUgewQ6TynOcSj5F1bSU23B7z0p1iqK0PPHIU62xY1iNJD33WGA==
  dependencies:
    "@babel/runtime" "^7.3.1"
    hyphenate-style-name "^1.0.3"
    jss "10.7.1"

jss-plugin-default-unit@^10.5.1:
  version "10.7.1"
  resolved "https://registry.yarnpkg.com/jss-plugin-default-unit/-/jss-plugin-default-unit-10.7.1.tgz#826270e2ee38d7024a281ac67c30d6944f124786"
  integrity sha512-tW+dfYVNARBQb/ONzBwd8uyImigyzMiAEDai+AbH5rcHg5h3TtqhAkxx06iuZiT/dZUiFdSKlbe3q9jZGAPIwA==
  dependencies:
    "@babel/runtime" "^7.3.1"
    jss "10.7.1"

jss-plugin-global@^10.5.1:
  version "10.7.1"
  resolved "https://registry.yarnpkg.com/jss-plugin-global/-/jss-plugin-global-10.7.1.tgz#9725c46d662aac2e596a0a8741944c060e2b90a1"
  integrity sha512-FbxCnu44IkK/bw8X3CwZKmcAnJqjAb9LujlAc/aP0bMSdVa3/MugKQRyeQSu00uGL44feJJDoeXXiHOakBr/Zw==
  dependencies:
    "@babel/runtime" "^7.3.1"
    jss "10.7.1"

jss-plugin-nested@^10.5.1:
  version "10.7.1"
  resolved "https://registry.yarnpkg.com/jss-plugin-nested/-/jss-plugin-nested-10.7.1.tgz#35563a7a710a45307fd6b9742ffada1d72a62eb7"
  integrity sha512-RNbICk7FlYKaJyv9tkMl7s6FFfeLA3ubNIFKvPqaWtADK0KUaPsPXVYBkAu4x1ItgsWx67xvReMrkcKA0jSXfA==
  dependencies:
    "@babel/runtime" "^7.3.1"
    jss "10.7.1"
    tiny-warning "^1.0.2"

jss-plugin-props-sort@^10.5.1:
  version "10.7.1"
  resolved "https://registry.yarnpkg.com/jss-plugin-props-sort/-/jss-plugin-props-sort-10.7.1.tgz#1d12b26048541ed3a2ed1b69f7fc231605728362"
  integrity sha512-eyd5FhA+J0QrpqXxO7YNF/HMSXXl4pB0EmUdY4vSJI4QG22F59vQ6AHtP6fSwhmBdQ98Qd9gjfO+RMxcE39P1A==
  dependencies:
    "@babel/runtime" "^7.3.1"
    jss "10.7.1"

jss-plugin-rule-value-function@^10.5.1:
  version "10.7.1"
  resolved "https://registry.yarnpkg.com/jss-plugin-rule-value-function/-/jss-plugin-rule-value-function-10.7.1.tgz#123eb796eb9982f8efa7a7e362daddd90c0c69fe"
  integrity sha512-fGAAImlbaHD3fXAHI3ooX6aRESOl5iBt3LjpVjxs9II5u9tzam7pqFUmgTcrip9VpRqYHn8J3gA7kCtm8xKwHg==
  dependencies:
    "@babel/runtime" "^7.3.1"
    jss "10.7.1"
    tiny-warning "^1.0.2"

jss-plugin-vendor-prefixer@^10.5.1:
  version "10.7.1"
  resolved "https://registry.yarnpkg.com/jss-plugin-vendor-prefixer/-/jss-plugin-vendor-prefixer-10.7.1.tgz#217821be2d6dacee31d2d464886760ba7742e19a"
  integrity sha512-1UHFmBn7hZNsHXTkLLOL8abRl8vi+D1EVzWD4WmLFj55vawHZfnH1oEz6TUf5Y61XHv0smdHabdXds6BgOXe3A==
  dependencies:
    "@babel/runtime" "^7.3.1"
    css-vendor "^2.0.8"
    jss "10.7.1"

jss@10.7.1, jss@^10.5.1:
  version "10.7.1"
  resolved "https://registry.yarnpkg.com/jss/-/jss-10.7.1.tgz#16d846e1a22fb42e857b99f9c6a0c5a27341c804"
  integrity sha512-5QN8JSVZR6cxpZNeGfzIjqPEP+ZJwJJfZbXmeABNdxiExyO+eJJDy6WDtqTf8SDKnbL5kZllEpAP71E/Lt7PXg==
  dependencies:
    "@babel/runtime" "^7.3.1"
    csstype "^3.0.2"
    is-in-browser "^1.1.3"
    tiny-warning "^1.0.2"

loose-envify@^1.1.0, loose-envify@^1.4.0:
  version "1.4.0"
  resolved "https://registry.yarnpkg.com/loose-envify/-/loose-envify-1.4.0.tgz#71ee51fa7be4caec1a63839f7e682d8132d30caf"
  integrity sha512-lyuxPGr/Wfhrlem2CL/UcnUc1zcqKAImBDzukY7Y5F/yQiNdko6+fRLevlw1HgMySw7f611UIY408EtxRSoK3Q==
  dependencies:
    js-tokens "^3.0.0 || ^4.0.0"

object-assign@^4.1.1:
  version "4.1.1"
  resolved "https://registry.yarnpkg.com/object-assign/-/object-assign-4.1.1.tgz#2109adc7965887cfc05cbbd442cac8bfbb360863"
  integrity sha1-IQmtx5ZYh8/AXLvUQsrIv7s2CGM=

popper.js@1.16.1-lts:
  version "1.16.1-lts"
  resolved "https://registry.yarnpkg.com/popper.js/-/popper.js-1.16.1-lts.tgz#cf6847b807da3799d80ee3d6d2f90df8a3f50b05"
  integrity sha512-Kjw8nKRl1m+VrSFCoVGPph93W/qrSO7ZkqPpTf7F4bk/sqcfWK019dWBUpE/fBOsOQY1dks/Bmcbfn1heM/IsA==

prop-types@^15.6.2, prop-types@^15.7.2:
  version "15.7.2"
  resolved "https://registry.yarnpkg.com/prop-types/-/prop-types-15.7.2.tgz#52c41e75b8c87e72b9d9360e0206b99dcbffa6c5"
  integrity sha512-8QQikdH7//R2vurIJSutZ1smHYTcLpRWEOlHnzcWHmBYrOGUysKwSsrC89BCiFj3CbrfJ/nXFdJepOVrY1GCHQ==
  dependencies:
    loose-envify "^1.4.0"
    object-assign "^4.1.1"
    react-is "^16.8.1"

react-dom@^16.9.0:
  version "16.14.0"
  resolved "https://registry.yarnpkg.com/react-dom/-/react-dom-16.14.0.tgz#7ad838ec29a777fb3c75c3a190f661cf92ab8b89"
  integrity sha512-1gCeQXDLoIqMgqD3IO2Ah9bnf0w9kzhwN5q4FGnHZ67hBm9yePzB5JJAIQCc8x3pFnNlwFq4RidZggNAAkzWWw==
  dependencies:
    loose-envify "^1.1.0"
    object-assign "^4.1.1"
    prop-types "^15.6.2"
    scheduler "^0.19.1"

react-is@^16.7.0, react-is@^16.8.1:
  version "16.13.1"
  resolved "https://registry.yarnpkg.com/react-is/-/react-is-16.13.1.tgz#789729a4dc36de2999dc156dd6c1d9c18cea56a4"
  integrity sha512-24e6ynE2H+OKt4kqsOvNd8kBpV65zoxbA4BVsEOB3ARVWQki/DHzaUoC5KuON/BiccDaCCTZBuOcfZs70kR8bQ==

"react-is@^16.8.0 || ^17.0.0":
  version "17.0.2"
  resolved "https://registry.yarnpkg.com/react-is/-/react-is-17.0.2.tgz#e691d4a8e9c789365655539ab372762b0efb54f0"
  integrity sha512-w2GsyukL62IJnlaff/nRegPQR94C/XXamvMWmSHRJ4y7Ts/4ocGRmTHvOs8PSE6pB3dWOrD/nueuU5sduBsQ4w==

react-router-scroll-memory@^2.0.3:
  version "2.0.7"
  resolved "https://registry.yarnpkg.com/react-router-scroll-memory/-/react-router-scroll-memory-2.0.7.tgz#afd5627d5378df7c8490935c9a1585362a7c850a"
  integrity sha512-1M7LxVBBVrE4oIS/+enQwCRdg2EapF/RnZaL2pXpPb7HVjJsI83MhMuGAzKtd1YOdB4ekwdtMX7t5T9FvQBC6Q==

react-transition-group@^4.4.0:
  version "4.4.2"
  resolved "https://registry.yarnpkg.com/react-transition-group/-/react-transition-group-4.4.2.tgz#8b59a56f09ced7b55cbd53c36768b922890d5470"
  integrity sha512-/RNYfRAMlZwDSr6z4zNKV6xu53/e2BuaBbGhbyYIXTrmgu/bGHzmqOs7mJSJBHy9Ud+ApHx3QjrkKSp1pxvlFg==
  dependencies:
    "@babel/runtime" "^7.5.5"
    dom-helpers "^5.0.1"
    loose-envify "^1.4.0"
    prop-types "^15.6.2"

react@^16.9.0:
  version "16.14.0"
  resolved "https://registry.yarnpkg.com/react/-/react-16.14.0.tgz#94d776ddd0aaa37da3eda8fc5b6b18a4c9a3114d"
  integrity sha512-0X2CImDkJGApiAlcf0ODKIneSwBPhqJawOa5wCtKbu7ZECrmS26NvtSILynQ66cgkT/RJ4LidJOc3bUESwmU8g==
  dependencies:
    loose-envify "^1.1.0"
    object-assign "^4.1.1"
    prop-types "^15.6.2"

redis-commands@^1.7.0:
  version "1.7.0"
  resolved "https://registry.yarnpkg.com/redis-commands/-/redis-commands-1.7.0.tgz#15a6fea2d58281e27b1cd1acfb4b293e278c3a89"
  integrity sha512-nJWqw3bTFy21hX/CPKHth6sfhZbdiHP6bTawSgQBlKOVRG7EZkfHbbHwQJnrE4vsQf0CMNE+3gJ4Fmm16vdVlQ==

redis-errors@^1.0.0, redis-errors@^1.2.0:
  version "1.2.0"
  resolved "https://registry.yarnpkg.com/redis-errors/-/redis-errors-1.2.0.tgz#eb62d2adb15e4eaf4610c04afe1529384250abad"
  integrity sha1-62LSrbFeTq9GEMBK/hUpOEJQq60=

redis-parser@^3.0.0:
  version "3.0.0"
  resolved "https://registry.yarnpkg.com/redis-parser/-/redis-parser-3.0.0.tgz#b66d828cdcafe6b4b8a428a7def4c6bcac31c8b4"
  integrity sha1-tm2CjNyv5rS4pCin3vTGvKwxyLQ=
  dependencies:
    redis-errors "^1.0.0"

redis@^3.1.2:
  version "3.1.2"
  resolved "https://registry.yarnpkg.com/redis/-/redis-3.1.2.tgz#766851117e80653d23e0ed536254677ab647638c"
  integrity sha512-grn5KoZLr/qrRQVwoSkmzdbw6pwF+/rwODtrOr6vuBRiR/f3rjSTGupbF90Zpqm2oenix8Do6RV7pYEkGwlKkw==
  dependencies:
    denque "^1.5.0"
    redis-commands "^1.7.0"
    redis-errors "^1.2.0"
    redis-parser "^3.0.0"

regenerator-runtime@^0.13.4:
  version "0.13.9"
  resolved "https://registry.yarnpkg.com/regenerator-runtime/-/regenerator-runtime-0.13.9.tgz#8925742a98ffd90814988d7566ad30ca3b263b52"
  integrity sha512-p3VT+cOEgxFsRRA9X4lkI1E+k2/CtnKtU4gcxyaCUreilL/vqI6CdZ3wxVUx3UOUg+gnUOQQcRI7BmSI656MYA==

scheduler@^0.19.1:
  version "0.19.1"
  resolved "https://registry.yarnpkg.com/scheduler/-/scheduler-0.19.1.tgz#4f3e2ed2c1a7d65681f4c854fa8c5a1ccb40f196"
  integrity sha512-n/zwRWRYSUj0/3g/otKDRPMh6qv2SYMWNq85IEa8iZyAv8od9zDYpGSnpBEjNgcMNq6Scbu5KfIPxNF72R/2EA==
  dependencies:
    loose-envify "^1.1.0"
    object-assign "^4.1.1"

tiny-warning@^1.0.2:
  version "1.0.3"
  resolved "https://registry.yarnpkg.com/tiny-warning/-/tiny-warning-1.0.3.tgz#94a30db453df4c643d0fd566060d60a875d84754"
  integrity sha512-lBN9zLN/oAf68o3zNXYrdCt1kP8WsiGW8Oo2ka41b2IM5JL/S1CTyX1rW0mb/zSuJun0ZUrDxx4sqvYS2FWzPA==
